
Microsoft Visual Studio Solution File, Format Version 12.00
# Visual Studio Version 16
VisualStudioVersion = 16.0.31105.61
MinimumVisualStudioVersion = 10.0.40219.1
Project("{8BC9CEB8-8B4A-11D0-8D11-00A0C91BC942}") = "Shot_UnitLib", "Shot_UnitLib.vcxproj", "{0A03616F-0A9B-45C2-AE90-FC689DCB5FC2}"
EndProject
Global
	GlobalSection(SolutionConfigurationPlatforms) = preSolution
		Debug|x64 = Debug|x64
		Debug|x86 = Debug|x86
		Release|x64 = Release|x64
		Release|x86 = Release|x86
	EndGlobalSection
	GlobalSection(ProjectConfigurationPlatforms) = postSolution
		{0A03616F-0A9B-45C2-AE90-FC689DCB5FC2}.Debug|x64.ActiveCfg = Debug|x64
		{0A03616F-0A9B-45C2-AE90-FC689DCB5FC2}.Debug|x64.Build.0 = Debug|x64
		{0A03616F-0A9B-45C2-AE90-FC689DCB5FC2}.Debug|x86.ActiveCfg = Debug|Win32
		{0A03616F-0A9B-45C2-AE90-FC689DCB5FC2}.Debug|x86.Build.0 = Debug|Win32
		{0A03616F-0A9B-45C2-AE90-FC689DCB5FC2}.Release|x64.ActiveCfg = Release|x64
		{0A03616F-0A9B-45C2-AE90-FC689DCB5FC2}.Release|x64.Build.0 = Release|x64
		{0A03616F-0A9B-45C2-AE90-FC689DCB5FC2}.Release|x86.ActiveCfg = Release|Win32
		{0A03616F-0A9B-45C2-AE90-FC689DCB5FC2}.Release|x86.Build.0 = Release|Win32
	EndGlobalSection
	GlobalSection(SolutionProperties) = preSolution
		HideSolutionNode = FALSE
	EndGlobalSection
	GlobalSection(ExtensibilityGlobals) = postSolution
		SolutionGuid = {3A54C6FA-2582-4166-A62B-C3A586A8D6A7}
	EndGlobalSection
EndGlobal
